
Microsoft Visual Studio Solution File, Format Version 12.00
# Visual Studio Version 16
VisualStudioVersion = 16.0.31424.327
MinimumVisualStudioVersion = 10.0.40219.1
Project("{9A19103F-16F7-4668-BE54-9A1E7A4F7556}") = "MakeSounds", "MakeSounds.csproj", "{66A27227-F9D1-4F8F-BC1B-3678D4F792F6}"
EndProject
Project("{FAE04EC0-301F-11D3-BF4B-00C04F79EFBC}") = "PolymorphismExercise1Tests", "..\PolymorphismExercise1Tests\PolymorphismExercise1Tests.csproj", "{B502E284-EAD9-4A28-A38C-1682C0409216}"
EndProject
Global
	GlobalSection(SolutionConfigurationPlatforms) = preSolution
		Debug|Any CPU = Debug|Any CPU
		Release|Any CPU = Release|Any CPU
	EndGlobalSection
	GlobalSection(ProjectConfigurationPlatforms) = postSolution
		{66A27227-F9D1-4F8F-BC1B-3678D4F792F6}.Debug|Any CPU.ActiveCfg = Debug|Any CPU
		{66A27227-F9D1-4F8F-BC1B-3678D4F792F6}.Debug|Any CPU.Build.0 = Debug|Any CPU
		{66A27227-F9D1-4F8F-BC1B-3678D4F792F6}.Release|Any CPU.ActiveCfg = Release|Any CPU
		{66A27227-F9D1-4F8F-BC1B-3678D4F792F6}.Release|Any CPU.Build.0 = Release|Any CPU
		{B502E284-EAD9-4A28-A38C-1682C0409216}.Debug|Any CPU.ActiveCfg = Debug|Any CPU
		{B502E284-EAD9-4A28-A38C-1682C0409216}.Debug|Any CPU.Build.0 = Debug|Any CPU
		{B502E284-EAD9-4A28-A38C-1682C0409216}.Release|Any CPU.ActiveCfg = Release|Any CPU
		{B502E284-EAD9-4A28-A38C-1682C0409216}.Release|Any CPU.Build.0 = Release|Any CPU
	EndGlobalSection
	GlobalSection(SolutionProperties) = preSolution
		HideSolutionNode = FALSE
	EndGlobalSection
	GlobalSection(ExtensibilityGlobals) = postSolution
		SolutionGuid = {3066EBB1-0A60-4113-98BF-4321198286EF}
	EndGlobalSection
EndGlobal
